
Microsoft Visual Studio Solution File, Format Version 12.00
# Visual Studio Version 17
VisualStudioVersion = 17.2.32427.441
MinimumVisualStudioVersion = 10.0.40219.1
Project("{FAE04EC0-301F-11D3-BF4B-00C04F79EFBC}") = "clipboardhistory", "clipboardhistory.csproj", "{87AD8EE0-88CE-41C8-ADBE-AF38B6782B2E}"
EndProject
Global
	GlobalSection(SolutionConfigurationPlatforms) = preSolution
		Debug|Any CPU = Debug|Any CPU
		Release|Any CPU = Release|Any CPU
	EndGlobalSection
	GlobalSection(ProjectConfigurationPlatforms) = postSolution
		{87AD8EE0-88CE-41C8-ADBE-AF38B6782B2E}.Debug|Any CPU.ActiveCfg = Debug|Any CPU
		{87AD8EE0-88CE-41C8-ADBE-AF38B6782B2E}.Debug|Any CPU.Build.0 = Debug|Any CPU
		{87AD8EE0-88CE-41C8-ADBE-AF38B6782B2E}.Release|Any CPU.ActiveCfg = Release|Any CPU
		{87AD8EE0-88CE-41C8-ADBE-AF38B6782B2E}.Release|Any CPU.Build.0 = Release|Any CPU
	EndGlobalSection
	GlobalSection(SolutionProperties) = preSolution
		HideSolutionNode = FALSE
	EndGlobalSection
	GlobalSection(ExtensibilityGlobals) = postSolution
		SolutionGuid = {F4D2ACE0-4548-4293-B452-50386A8F73E9}
	EndGlobalSection
EndGlobal
